
Microsoft Visual Studio Solution File, Format Version 12.00
# Visual Studio Version 17
VisualStudioVersion = 17.14.36109.1 d17.14
MinimumVisualStudioVersion = 10.0.40219.1
Project("{2150E333-8FDC-42A3-9474-1A3956D46DE8}") = "Task0", "Task0", "{02EA681E-C7D8-13C7-8484-4AC65E1B71E8}"
EndProject
Project("{FAE04EC0-301F-11D3-BF4B-00C04F79EFBC}") = "Tyuiu.ArtemihinND.Sprint2.Task0.V20", "Tyuiu.ArtemihinND.Sprint2.Task0.V20\Tyuiu.ArtemihinND.Sprint2.Task0.V20.csproj", "{5BEA431C-94DE-4B7C-AC41-30228F507F05}"
EndProject
Project("{FAE04EC0-301F-11D3-BF4B-00C04F79EFBC}") = "Tyuiu.ArtemihinND.Sprint2.Task0.V20.Test", "Tyuiu.ArtemihinND.Sprint2.Task0.V20.Test\Tyuiu.ArtemihinND.Sprint2.Task0.V20.Test.csproj", "{891F76EF-C22A-48F3-A419-C0F876A67906}"
EndProject
Project("{FAE04EC0-301F-11D3-BF4B-00C04F79EFBC}") = "Tyuiu.ArtemihinND.Sprint2.Task0.V20.Lib", "Tyuiu.ArtemihinND.Sprint2.Task0.V20.Lib\Tyuiu.ArtemihinND.Sprint2.Task0.V20.Lib.csproj", "{3D0B87BC-20E6-41E3-8488-D339BAA912FC}"
EndProject
Project("{2150E333-8FDC-42A3-9474-1A3956D46DE8}") = "Task1", "Task1", "{ECD26863-7A5D-4551-A121-F688DCBCFBCC}"
EndProject
Project("{FAE04EC0-301F-11D3-BF4B-00C04F79EFBC}") = "Tyuiu.ArtemihinND.Sprint2.Task1.V10", "Tyuiu.ArtemihinND.Sprint2.Task1.V10\Tyuiu.ArtemihinND.Sprint2.Task1.V10.csproj", "{A0F9C45F-7E6A-4472-9434-05A9873B9D64}"
EndProject
Project("{FAE04EC0-301F-11D3-BF4B-00C04F79EFBC}") = "Tyuiu.ArtemihinND.Sprint2.Task1.V10.Lib", "Tyuiu.ArtemihinND.Sprint2.Task1.V10.Lib\Tyuiu.ArtemihinND.Sprint2.Task1.V10.Lib.csproj", "{0FF886D5-845F-412C-8B3E-7B04CE7E3BC1}"
EndProject
Project("{FAE04EC0-301F-11D3-BF4B-00C04F79EFBC}") = "Tyuiu.ArtemihinND.Sprint2.Task1.V10.Test", "Tyuiu.ArtemihinND.Sprint2.Task1.V10.Test\Tyuiu.ArtemihinND.Sprint2.Task1.V10.Test.csproj", "{498E80CF-606F-4BBF-AABF-AE80CAFAFFBB}"
EndProject
Project("{2150E333-8FDC-42A3-9474-1A3956D46DE8}") = "Task2", "Task2", "{6CC318DF-4CD2-4A5D-A5C8-B14C1AAAE67F}"
EndProject
Project("{FAE04EC0-301F-11D3-BF4B-00C04F79EFBC}") = "Tyuiu.ArtemihinND.Sprint2.Task2.V4", "Tyuiu.ArtemihinND.Sprint2.Task2.V4\Tyuiu.ArtemihinND.Sprint2.Task2.V4.csproj", "{4E175C5A-CFA0-4737-88E1-028A44573E47}"
EndProject
Project("{FAE04EC0-301F-11D3-BF4B-00C04F79EFBC}") = "Tyuiu.ArtemihinND.Sprint2.Task2.V4.Test", "Tyuiu.ArtemihinND.Sprint2.Task2.V4.Test\Tyuiu.ArtemihinND.Sprint2.Task2.V4.Test.csproj", "{A9852960-2A34-43F3-A14C-23C8521C927A}"
EndProject
Project("{FAE04EC0-301F-11D3-BF4B-00C04F79EFBC}") = "Tyuiu.ArtemihinND.Sprint2.Task2.V4.Lib", "Tyuiu.ArtemihinND.Sprint2.Task2.V4.Lib\Tyuiu.ArtemihinND.Sprint2.Task2.V4.Lib.csproj", "{A1F1B8F0-7FFB-473E-9047-E16750FD2378}"
EndProject
Project("{2150E333-8FDC-42A3-9474-1A3956D46DE8}") = "Task3", "Task3", "{4BB0A9C0-A00A-499E-86CE-1C42395DED8D}"
EndProject
Project("{FAE04EC0-301F-11D3-BF4B-00C04F79EFBC}") = "Tyuiu.ArtemihinND.Sprint2.Task3.V24", "Tyuiu.ArtemihinND.Sprint2.Task3.V24\Tyuiu.ArtemihinND.Sprint2.Task3.V24.csproj", "{FFC8A0D6-DED2-4EF4-89C2-7549DBB63B80}"
EndProject
Project("{FAE04EC0-301F-11D3-BF4B-00C04F79EFBC}") = "Tyuiu.ArtemihinND.Sprint2.Task3.V24.Lib", "Tyuiu.ArtemihinND.Sprint2.Task3.V24.Lib\Tyuiu.ArtemihinND.Sprint2.Task3.V24.Lib.csproj", "{EC7DA0D0-31F2-4D04-8B11-7B7F9951E9E5}"
EndProject
Project("{FAE04EC0-301F-11D3-BF4B-00C04F79EFBC}") = "Tyuiu.ArtemihinND.Sprint2.Task3.V24.Test", "Tyuiu.ArtemihinND.Sprint2.Task3.V24.Test\Tyuiu.ArtemihinND.Sprint2.Task3.V24.Test.csproj", "{4E5AD04C-6D3E-452F-8066-237E1D019783}"
EndProject
Project("{2150E333-8FDC-42A3-9474-1A3956D46DE8}") = "Task4", "Task4", "{3A33F656-8295-46ED-BE39-1372E614773D}"
EndProject
Project("{FAE04EC0-301F-11D3-BF4B-00C04F79EFBC}") = "Tyuiu.ArtemihinND.Sprint2.Task4.V19", "Tyuiu.ArtemihinND.Sprint2.Task4.V19\Tyuiu.ArtemihinND.Sprint2.Task4.V19.csproj", "{9DD50C9B-9340-45AC-BD32-28B380394E82}"
EndProject
Project("{FAE04EC0-301F-11D3-BF4B-00C04F79EFBC}") = "Tyuiu.ArtemihinND.Sprint2.Task4.V19.Test", "Tyuiu.ArtemihinND.Sprint2.Task4.V19.Test\Tyuiu.ArtemihinND.Sprint2.Task4.V19.Test.csproj", "{86DAE45D-C640-41B5-B77B-2D238044E378}"
EndProject
Project("{FAE04EC0-301F-11D3-BF4B-00C04F79EFBC}") = "Tyuiu.ArtemihinND.Sprint2.Task4.V19.Lib", "Tyuiu.ArtemihinND.Sprint2.Task4.V19.Lib\Tyuiu.ArtemihinND.Sprint2.Task4.V19.Lib.csproj", "{F96076B1-E9BC-4BF8-9F0E-5D49190F19C9}"
EndProject
Global
	GlobalSection(SolutionConfigurationPlatforms) = preSolution
		Debug|Any CPU = Debug|Any CPU
		Release|Any CPU = Release|Any CPU
	EndGlobalSection
	GlobalSection(ProjectConfigurationPlatforms) = postSolution
		{5BEA431C-94DE-4B7C-AC41-30228F507F05}.Debug|Any CPU.ActiveCfg = Debug|Any CPU
		{5BEA431C-94DE-4B7C-AC41-30228F507F05}.Debug|Any CPU.Build.0 = Debug|Any CPU
		{5BEA431C-94DE-4B7C-AC41-30228F507F05}.Release|Any CPU.ActiveCfg = Release|Any CPU
		{5BEA431C-94DE-4B7C-AC41-30228F507F05}.Release|Any CPU.Build.0 = Release|Any CPU
		{891F76EF-C22A-48F3-A419-C0F876A67906}.Debug|Any CPU.ActiveCfg = Debug|Any CPU
		{891F76EF-C22A-48F3-A419-C0F876A67906}.Debug|Any CPU.Build.0 = Debug|Any CPU
		{891F76EF-C22A-48F3-A419-C0F876A67906}.Release|Any CPU.ActiveCfg = Release|Any CPU
		{891F76EF-C22A-48F3-A419-C0F876A67906}.Release|Any CPU.Build.0 = Release|Any CPU
		{3D0B87BC-20E6-41E3-8488-D339BAA912FC}.Debug|Any CPU.ActiveCfg = Debug|Any CPU
		{3D0B87BC-20E6-41E3-8488-D339BAA912FC}.Debug|Any CPU.Build.0 = Debug|Any CPU
		{3D0B87BC-20E6-41E3-8488-D339BAA912FC}.Release|Any CPU.ActiveCfg = Release|Any CPU
		{3D0B87BC-20E6-41E3-8488-D339BAA912FC}.Release|Any CPU.Build.0 = Release|Any CPU
		{A0F9C45F-7E6A-4472-9434-05A9873B9D64}.Debug|Any CPU.ActiveCfg = Debug|Any CPU
		{A0F9C45F-7E6A-4472-9434-05A9873B9D64}.Debug|Any CPU.Build.0 = Debug|Any CPU
		{A0F9C45F-7E6A-4472-9434-05A9873B9D64}.Release|Any CPU.ActiveCfg = Release|Any CPU
		{A0F9C45F-7E6A-4472-9434-05A9873B9D64}.Release|Any CPU.Build.0 = Release|Any CPU
		{0FF886D5-845F-412C-8B3E-7B04CE7E3BC1}.Debug|Any CPU.ActiveCfg = Debug|Any CPU
		{0FF886D5-845F-412C-8B3E-7B04CE7E3BC1}.Debug|Any CPU.Build.0 = Debug|Any CPU
		{0FF886D5-845F-412C-8B3E-7B04CE7E3BC1}.Release|Any CPU.ActiveCfg = Release|Any CPU
		{0FF886D5-845F-412C-8B3E-7B04CE7E3BC1}.Release|Any CPU.Build.0 = Release|Any CPU
		{498E80CF-606F-4BBF-AABF-AE80CAFAFFBB}.Debug|Any CPU.ActiveCfg = Debug|Any CPU
		{498E80CF-606F-4BBF-AABF-AE80CAFAFFBB}.Debug|Any CPU.Build.0 = Debug|Any CPU
		{498E80CF-606F-4BBF-AABF-AE80CAFAFFBB}.Release|Any CPU.ActiveCfg = Release|Any CPU
		{498E80CF-606F-4BBF-AABF-AE80CAFAFFBB}.Release|Any CPU.Build.0 = Release|Any CPU
		{4E175C5A-CFA0-4737-88E1-028A44573E47}.Debug|Any CPU.ActiveCfg = Debug|Any CPU
		{4E175C5A-CFA0-4737-88E1-028A44573E47}.Debug|Any CPU.Build.0 = Debug|Any CPU
		{4E175C5A-CFA0-4737-88E1-028A44573E47}.Release|Any CPU.ActiveCfg = Release|Any CPU
		{4E175C5A-CFA0-4737-88E1-028A44573E47}.Release|Any CPU.Build.0 = Release|Any CPU
		{A9852960-2A34-43F3-A14C-23C8521C927A}.Debug|Any CPU.ActiveCfg = Debug|Any CPU
		{A9852960-2A34-43F3-A14C-23C8521C927A}.Debug|Any CPU.Build.0 = Debug|Any CPU
		{A9852960-2A34-43F3-A14C-23C8521C927A}.Release|Any CPU.ActiveCfg = Release|Any CPU
		{A9852960-2A34-43F3-A14C-23C8521C927A}.Release|Any CPU.Build.0 = Release|Any CPU
		{A1F1B8F0-7FFB-473E-9047-E16750FD2378}.Debug|Any CPU.ActiveCfg = Debug|Any CPU
		{A1F1B8F0-7FFB-473E-9047-E16750FD2378}.Debug|Any CPU.Build.0 = Debug|Any CPU
		{A1F1B8F0-7FFB-473E-9047-E16750FD2378}.Release|Any CPU.ActiveCfg = Release|Any CPU
		{A1F1B8F0-7FFB-473E-9047-E16750FD2378}.Release|Any CPU.Build.0 = Release|Any CPU
		{FFC8A0D6-DED2-4EF4-89C2-7549DBB63B80}.Debug|Any CPU.ActiveCfg = Debug|Any CPU
		{FFC8A0D6-DED2-4EF4-89C2-7549DBB63B80}.Debug|Any CPU.Build.0 = Debug|Any CPU
		{FFC8A0D6-DED2-4EF4-89C2-7549DBB63B80}.Release|Any CPU.ActiveCfg = Release|Any CPU
		{FFC8A0D6-DED2-4EF4-89C2-7549DBB63B80}.Release|Any CPU.Build.0 = Release|Any CPU
		{EC7DA0D0-31F2-4D04-8B11-7B7F9951E9E5}.Debug|Any CPU.ActiveCfg = Debug|Any CPU
		{EC7DA0D0-31F2-4D04-8B11-7B7F9951E9E5}.Debug|Any CPU.Build.0 = Debug|Any CPU
		{EC7DA0D0-31F2-4D04-8B11-7B7F9951E9E5}.Release|Any CPU.ActiveCfg = Release|Any CPU
		{EC7DA0D0-31F2-4D04-8B11-7B7F9951E9E5}.Release|Any CPU.Build.0 = Release|Any CPU
		{4E5AD04C-6D3E-452F-8066-237E1D019783}.Debug|Any CPU.ActiveCfg = Debug|Any CPU
		{4E5AD04C-6D3E-452F-8066-237E1D019783}.Debug|Any CPU.Build.0 = Debug|Any CPU
		{4E5AD04C-6D3E-452F-8066-237E1D019783}.Release|Any CPU.ActiveCfg = Release|Any CPU
		{4E5AD04C-6D3E-452F-8066-237E1D019783}.Release|Any CPU.Build.0 = Release|Any CPU
		{9DD50C9B-9340-45AC-BD32-28B380394E82}.Debug|Any CPU.ActiveCfg = Debug|Any CPU
		{9DD50C9B-9340-45AC-BD32-28B380394E82}.Debug|Any CPU.Build.0 = Debug|Any CPU
		{9DD50C9B-9340-45AC-BD32-28B380394E82}.Release|Any CPU.ActiveCfg = Release|Any CPU
		{9DD50C9B-9340-45AC-BD32-28B380394E82}.Release|Any CPU.Build.0 = Release|Any CPU
		{86DAE45D-C640-41B5-B77B-2D238044E378}.Debug|Any CPU.ActiveCfg = Debug|Any CPU
		{86DAE45D-C640-41B5-B77B-2D238044E378}.Debug|Any CPU.Build.0 = Debug|Any CPU
		{86DAE45D-C640-41B5-B77B-2D238044E378}.Release|Any CPU.ActiveCfg = Release|Any CPU
		{86DAE45D-C640-41B5-B77B-2D238044E378}.Release|Any CPU.Build.0 = Release|Any CPU
		{F96076B1-E9BC-4BF8-9F0E-5D49190F19C9}.Debug|Any CPU.ActiveCfg = Debug|Any CPU
		{F96076B1-E9BC-4BF8-9F0E-5D49190F19C9}.Debug|Any CPU.Build.0 = Debug|Any CPU
		{F96076B1-E9BC-4BF8-9F0E-5D49190F19C9}.Release|Any CPU.ActiveCfg = Release|Any CPU
		{F96076B1-E9BC-4BF8-9F0E-5D49190F19C9}.Release|Any CPU.Build.0 = Release|Any CPU
	EndGlobalSection
	GlobalSection(SolutionProperties) = preSolution
		HideSolutionNode = FALSE
	EndGlobalSection
	GlobalSection(NestedProjects) = preSolution
		{5BEA431C-94DE-4B7C-AC41-30228F507F05} = {02EA681E-C7D8-13C7-8484-4AC65E1B71E8}
		{891F76EF-C22A-48F3-A419-C0F876A67906} = {02EA681E-C7D8-13C7-8484-4AC65E1B71E8}
		{3D0B87BC-20E6-41E3-8488-D339BAA912FC} = {02EA681E-C7D8-13C7-8484-4AC65E1B71E8}
		{A0F9C45F-7E6A-4472-9434-05A9873B9D64} = {ECD26863-7A5D-4551-A121-F688DCBCFBCC}
		{0FF886D5-845F-412C-8B3E-7B04CE7E3BC1} = {ECD26863-7A5D-4551-A121-F688DCBCFBCC}
		{498E80CF-606F-4BBF-AABF-AE80CAFAFFBB} = {ECD26863-7A5D-4551-A121-F688DCBCFBCC}
		{4E175C5A-CFA0-4737-88E1-028A44573E47} = {6CC318DF-4CD2-4A5D-A5C8-B14C1AAAE67F}
		{A9852960-2A34-43F3-A14C-23C8521C927A} = {6CC318DF-4CD2-4A5D-A5C8-B14C1AAAE67F}
		{A1F1B8F0-7FFB-473E-9047-E16750FD2378} = {6CC318DF-4CD2-4A5D-A5C8-B14C1AAAE67F}
		{FFC8A0D6-DED2-4EF4-89C2-7549DBB63B80} = {4BB0A9C0-A00A-499E-86CE-1C42395DED8D}
		{EC7DA0D0-31F2-4D04-8B11-7B7F9951E9E5} = {4BB0A9C0-A00A-499E-86CE-1C42395DED8D}
		{4E5AD04C-6D3E-452F-8066-237E1D019783} = {4BB0A9C0-A00A-499E-86CE-1C42395DED8D}
		{9DD50C9B-9340-45AC-BD32-28B380394E82} = {3A33F656-8295-46ED-BE39-1372E614773D}
		{86DAE45D-C640-41B5-B77B-2D238044E378} = {3A33F656-8295-46ED-BE39-1372E614773D}
		{F96076B1-E9BC-4BF8-9F0E-5D49190F19C9} = {3A33F656-8295-46ED-BE39-1372E614773D}
	EndGlobalSection
	GlobalSection(ExtensibilityGlobals) = postSolution
		SolutionGuid = {68D687A0-693D-4F19-8ED2-9421FE6E948C}
	EndGlobalSection
EndGlobal
